
Microsoft Visual Studio Solution File, Format Version 12.00
# Visual Studio Version 17
VisualStudioVersion = 17.11.35327.3
MinimumVisualStudioVersion = 10.0.40219.1
Project("{FAE04EC0-301F-11D3-BF4B-00C04F79EFBC}") = "kursov proekt", "kursov proekt\kursov proekt.csproj", "{18C25167-72A0-4B4D-9D9C-FC7DA0039993}"
EndProject
Project("{FAE04EC0-301F-11D3-BF4B-00C04F79EFBC}") = "Sladkarnsta", "Sladkarnsta\Sladkarnsta.csproj", "{DA54EB04-9DC4-4864-B773-64FC758D3B13}"
EndProject
Project("{FAE04EC0-301F-11D3-BF4B-00C04F79EFBC}") = "Sladkarnitsa s masiv", "Sladkarnitsa s masiv\Sladkarnitsa s masiv.csproj", "{797C772F-627E-4F8B-A68A-0F41DDC790D5}"
EndProject
Global
	GlobalSection(SolutionConfigurationPlatforms) = preSolution
		Debug|Any CPU = Debug|Any CPU
		Release|Any CPU = Release|Any CPU
	EndGlobalSection
	GlobalSection(ProjectConfigurationPlatforms) = postSolution
		{18C25167-72A0-4B4D-9D9C-FC7DA0039993}.Debug|Any CPU.ActiveCfg = Debug|Any CPU
		{18C25167-72A0-4B4D-9D9C-FC7DA0039993}.Debug|Any CPU.Build.0 = Debug|Any CPU
		{18C25167-72A0-4B4D-9D9C-FC7DA0039993}.Release|Any CPU.ActiveCfg = Release|Any CPU
		{18C25167-72A0-4B4D-9D9C-FC7DA0039993}.Release|Any CPU.Build.0 = Release|Any CPU
		{DA54EB04-9DC4-4864-B773-64FC758D3B13}.Debug|Any CPU.ActiveCfg = Debug|Any CPU
		{DA54EB04-9DC4-4864-B773-64FC758D3B13}.Debug|Any CPU.Build.0 = Debug|Any CPU
		{DA54EB04-9DC4-4864-B773-64FC758D3B13}.Release|Any CPU.ActiveCfg = Release|Any CPU
		{DA54EB04-9DC4-4864-B773-64FC758D3B13}.Release|Any CPU.Build.0 = Release|Any CPU
		{797C772F-627E-4F8B-A68A-0F41DDC790D5}.Debug|Any CPU.ActiveCfg = Debug|Any CPU
		{797C772F-627E-4F8B-A68A-0F41DDC790D5}.Debug|Any CPU.Build.0 = Debug|Any CPU
		{797C772F-627E-4F8B-A68A-0F41DDC790D5}.Release|Any CPU.ActiveCfg = Release|Any CPU
		{797C772F-627E-4F8B-A68A-0F41DDC790D5}.Release|Any CPU.Build.0 = Release|Any CPU
	EndGlobalSection
	GlobalSection(SolutionProperties) = preSolution
		HideSolutionNode = FALSE
	EndGlobalSection
	GlobalSection(ExtensibilityGlobals) = postSolution
		SolutionGuid = {C0857107-009B-4541-B46F-EC94B37F31A1}
	EndGlobalSection
EndGlobal
